{
  "requires": true,
  "lockfileVersion": 1,
  "dependencies": {
    "gjw32-palindrome": {
      "version": "0.1.0",
      "resolved": "https://registry.npmjs.org/gjw32-palindrome/-/gjw32-palindrome-0.1.0.tgz",
      "integrity": "sha512-IY0IQdXthfAZ2jqo6edylRBUqzB7LdcDkmBE6aj6sNUp2P509VX3+uO8jXWeqF4KBhvq0ALzDDyXf4d6xIo9eQ=="
    }
  }
}
